
Microsoft Visual Studio Solution File, Format Version 12.00
# Visual Studio Version 16
VisualStudioVersion = 16.0.31129.286
MinimumVisualStudioVersion = 10.0.40219.1
Project("{9A19103F-16F7-4668-BE54-9A1E7A4F7556}") = "AuthServer.API", "AuthServer.API\AuthServer.API.csproj", "{3A74F524-C336-4ADF-B8A4-8A6159F34241}"
EndProject
Project("{9A19103F-16F7-4668-BE54-9A1E7A4F7556}") = "AuthServer.Core", "AuthServer.Core\AuthServer.Core.csproj", "{503AA9AE-49DA-4337-8CEA-F88EDA3A73A0}"
EndProject
Project("{9A19103F-16F7-4668-BE54-9A1E7A4F7556}") = "AuthServer.Data", "AuthServer.Data\AuthServer.Data.csproj", "{96330F95-D0A5-4759-A849-A903F1647780}"
EndProject
Project("{9A19103F-16F7-4668-BE54-9A1E7A4F7556}") = "AuthServer.Service", "AuthServer.Service\AuthServer.Service.csproj", "{59A46BF6-4225-439E-B0ED-E0D825D75A5B}"
EndProject
Project("{9A19103F-16F7-4668-BE54-9A1E7A4F7556}") = "MiniApp1.API", "MiniApp1.API\MiniApp1.API.csproj", "{4831316A-94DC-4608-BA4C-DB069D50935C}"
EndProject
Project("{9A19103F-16F7-4668-BE54-9A1E7A4F7556}") = "MiniApp2.API", "MiniApp2.API\MiniApp2.API.csproj", "{D53DDCBB-6CA0-40F7-A8BB-55A6F135413F}"
EndProject
Project("{9A19103F-16F7-4668-BE54-9A1E7A4F7556}") = "MiniApp3.API", "MiniApp3.API\MiniApp3.API.csproj", "{9F031412-5B27-4D88-8986-E8475208F118}"
EndProject
Project("{9A19103F-16F7-4668-BE54-9A1E7A4F7556}") = "SharedLibrary", "SharedLibrary\SharedLibrary.csproj", "{6C0264B0-148A-4AA3-9090-83E83D689403}"
EndProject
Global
	GlobalSection(SolutionConfigurationPlatforms) = preSolution
		Debug|Any CPU = Debug|Any CPU
		Release|Any CPU = Release|Any CPU
	EndGlobalSection
	GlobalSection(ProjectConfigurationPlatforms) = postSolution
		{3A74F524-C336-4ADF-B8A4-8A6159F34241}.Debug|Any CPU.ActiveCfg = Debug|Any CPU
		{3A74F524-C336-4ADF-B8A4-8A6159F34241}.Debug|Any CPU.Build.0 = Debug|Any CPU
		{3A74F524-C336-4ADF-B8A4-8A6159F34241}.Release|Any CPU.ActiveCfg = Release|Any CPU
		{3A74F524-C336-4ADF-B8A4-8A6159F34241}.Release|Any CPU.Build.0 = Release|Any CPU
		{503AA9AE-49DA-4337-8CEA-F88EDA3A73A0}.Debug|Any CPU.ActiveCfg = Debug|Any CPU
		{503AA9AE-49DA-4337-8CEA-F88EDA3A73A0}.Debug|Any CPU.Build.0 = Debug|Any CPU
		{503AA9AE-49DA-4337-8CEA-F88EDA3A73A0}.Release|Any CPU.ActiveCfg = Release|Any CPU
		{503AA9AE-49DA-4337-8CEA-F88EDA3A73A0}.Release|Any CPU.Build.0 = Release|Any CPU
		{96330F95-D0A5-4759-A849-A903F1647780}.Debug|Any CPU.ActiveCfg = Debug|Any CPU
		{96330F95-D0A5-4759-A849-A903F1647780}.Debug|Any CPU.Build.0 = Debug|Any CPU
		{96330F95-D0A5-4759-A849-A903F1647780}.Release|Any CPU.ActiveCfg = Release|Any CPU
		{96330F95-D0A5-4759-A849-A903F1647780}.Release|Any CPU.Build.0 = Release|Any CPU
		{59A46BF6-4225-439E-B0ED-E0D825D75A5B}.Debug|Any CPU.ActiveCfg = Debug|Any CPU
		{59A46BF6-4225-439E-B0ED-E0D825D75A5B}.Debug|Any CPU.Build.0 = Debug|Any CPU
		{59A46BF6-4225-439E-B0ED-E0D825D75A5B}.Release|Any CPU.ActiveCfg = Release|Any CPU
		{59A46BF6-4225-439E-B0ED-E0D825D75A5B}.Release|Any CPU.Build.0 = Release|Any CPU
		{4831316A-94DC-4608-BA4C-DB069D50935C}.Debug|Any CPU.ActiveCfg = Debug|Any CPU
		{4831316A-94DC-4608-BA4C-DB069D50935C}.Debug|Any CPU.Build.0 = Debug|Any CPU
		{4831316A-94DC-4608-BA4C-DB069D50935C}.Release|Any CPU.ActiveCfg = Release|Any CPU
		{4831316A-94DC-4608-BA4C-DB069D50935C}.Release|Any CPU.Build.0 = Release|Any CPU
		{D53DDCBB-6CA0-40F7-A8BB-55A6F135413F}.Debug|Any CPU.ActiveCfg = Debug|Any CPU
		{D53DDCBB-6CA0-40F7-A8BB-55A6F135413F}.Debug|Any CPU.Build.0 = Debug|Any CPU
		{D53DDCBB-6CA0-40F7-A8BB-55A6F135413F}.Release|Any CPU.ActiveCfg = Release|Any CPU
		{D53DDCBB-6CA0-40F7-A8BB-55A6F135413F}.Release|Any CPU.Build.0 = Release|Any CPU
		{9F031412-5B27-4D88-8986-E8475208F118}.Debug|Any CPU.ActiveCfg = Debug|Any CPU
		{9F031412-5B27-4D88-8986-E8475208F118}.Debug|Any CPU.Build.0 = Debug|Any CPU
		{9F031412-5B27-4D88-8986-E8475208F118}.Release|Any CPU.ActiveCfg = Release|Any CPU
		{9F031412-5B27-4D88-8986-E8475208F118}.Release|Any CPU.Build.0 = Release|Any CPU
		{6C0264B0-148A-4AA3-9090-83E83D689403}.Debug|Any CPU.ActiveCfg = Debug|Any CPU
		{6C0264B0-148A-4AA3-9090-83E83D689403}.Debug|Any CPU.Build.0 = Debug|Any CPU
		{6C0264B0-148A-4AA3-9090-83E83D689403}.Release|Any CPU.ActiveCfg = Release|Any CPU
		{6C0264B0-148A-4AA3-9090-83E83D689403}.Release|Any CPU.Build.0 = Release|Any CPU
	EndGlobalSection
	GlobalSection(SolutionProperties) = preSolution
		HideSolutionNode = FALSE
	EndGlobalSection
	GlobalSection(ExtensibilityGlobals) = postSolution
		SolutionGuid = {964BE104-D9FF-4413-9420-BC29F3C01916}
	EndGlobalSection
EndGlobal
